// !$*UTF8*$!
{
	archiveVersion = 1;
	classes = {
	};
	objectVersion = 50;
	objects = {

/* Begin PBXBuildFile section */
		B22B28DC226D42EB0072E722 /* main.cpp in Sources */ = {isa = PBXBuildFile; fileRef = B22B28DB226D42EB0072E722 /* main.cpp */; };
		B22B28E6226D4A0A0072E722 /* Bitmap.cpp in Sources */ = {isa = PBXBuildFile; fileRef = B22B28E4226D4A0A0072E722 /* Bitmap.cpp */; };
		B22B28EE227157060072E722 /* Mandelbrot.cpp in Sources */ = {isa = PBXBuildFile; fileRef = B22B28EC227157050072E722 /* Mandelbrot.cpp */; };
		B22B28F22275F26C0072E722 /* Histogram.cpp in Sources */ = {isa = PBXBuildFile; fileRef = B22B28F02275F26C0072E722 /* Histogram.cpp */; };
		B22B28F52276042D0072E722 /* ColorApplier.cpp in Sources */ = {isa = PBXBuildFile; fileRef = B22B28F32276042D0072E722 /* ColorApplier.cpp */; };
		B22B28F8227608D70072E722 /* Coordinate.cpp in Sources */ = {isa = PBXBuildFile; fileRef = B22B28F6227608D70072E722 /* Coordinate.cpp */; };
/* End PBXBuildFile section */

/* Begin PBXCopyFilesBuildPhase section */
		B22B28D6226D42EB0072E722 /* CopyFiles */ = {
			isa = PBXCopyFilesBuildPhase;
			buildActionMask = 2147483647;
			dstPath = /usr/share/man/man1/;
			dstSubfolderSpec = 0;
			files = (
			);
			runOnlyForDeploymentPostprocessing = 1;
		};
/* End PBXCopyFilesBuildPhase section */

/* Begin PBXFileReference section */
		B2122021227625F300462294 /* Zoom.hpp */ = {isa = PBXFileReference; lastKnownFileType = sourcecode.cpp.h; path = Zoom.hpp; sourceTree = "<group>"; };
		B22B28D8226D42EB0072E722 /* Bitmap */ = {isa = PBXFileReference; explicitFileType = "compiled.mach-o.executable"; includeInIndex = 0; path = Bitmap; sourceTree = BUILT_PRODUCTS_DIR; };
		B22B28DB226D42EB0072E722 /* main.cpp */ = {isa = PBXFileReference; lastKnownFileType = sourcecode.cpp.cpp; path = main.cpp; sourceTree = "<group>"; };
		B22B28E2226D436A0072E722 /* BitmapHeaderFile.h */ = {isa = PBXFileReference; lastKnownFileType = sourcecode.c.h; path = BitmapHeaderFile.h; sourceTree = "<group>"; };
		B22B28E3226D47160072E722 /* BitmapInfoHeader.h */ = {isa = PBXFileReference; lastKnownFileType = sourcecode.c.h; path = BitmapInfoHeader.h; sourceTree = "<group>"; };
		B22B28E4226D4A0A0072E722 /* Bitmap.cpp */ = {isa = PBXFileReference; lastKnownFileType = sourcecode.cpp.cpp; path = Bitmap.cpp; sourceTree = "<group>"; };
		B22B28E5226D4A0A0072E722 /* Bitmap.hpp */ = {isa = PBXFileReference; lastKnownFileType = sourcecode.cpp.h; path = Bitmap.hpp; sourceTree = "<group>"; };
		B22B28EC227157050072E722 /* Mandelbrot.cpp */ = {isa = PBXFileReference; lastKnownFileType = sourcecode.cpp.cpp; path = Mandelbrot.cpp; sourceTree = "<group>"; };
		B22B28ED227157050072E722 /* Mandelbrot.hpp */ = {isa = PBXFileReference; lastKnownFileType = sourcecode.cpp.h; path = Mandelbrot.hpp; sourceTree = "<group>"; };
		B22B28F02275F26C0072E722 /* Histogram.cpp */ = {isa = PBXFileReference; lastKnownFileType = sourcecode.cpp.cpp; path = Histogram.cpp; sourceTree = "<group>"; };
		B22B28F12275F26C0072E722 /* Histogram.hpp */ = {isa = PBXFileReference; lastKnownFileType = sourcecode.cpp.h; path = Histogram.hpp; sourceTree = "<group>"; };
		B22B28F32276042D0072E722 /* ColorApplier.cpp */ = {isa = PBXFileReference; lastKnownFileType = sourcecode.cpp.cpp; path = ColorApplier.cpp; sourceTree = "<group>"; };
		B22B28F42276042D0072E722 /* ColorApplier.hpp */ = {isa = PBXFileReference; lastKnownFileType = sourcecode.cpp.h; path = ColorApplier.hpp; sourceTree = "<group>"; };
		B22B28F6227608D70072E722 /* Coordinate.cpp */ = {isa = PBXFileReference; lastKnownFileType = sourcecode.cpp.cpp; path = Coordinate.cpp; sourceTree = "<group>"; };
		B22B28F7227608D70072E722 /* Coordinate.hpp */ = {isa = PBXFileReference; lastKnownFileType = sourcecode.cpp.h; path = Coordinate.hpp; sourceTree = "<group>"; };
/* End PBXFileReference section */

/* Begin PBXFrameworksBuildPhase section */
		B22B28D5226D42EB0072E722 /* Frameworks */ = {
			isa = PBXFrameworksBuildPhase;
			buildActionMask = 2147483647;
			files = (
			);
			runOnlyForDeploymentPostprocessing = 0;
		};
/* End PBXFrameworksBuildPhase section */

/* Begin PBXGroup section */
		B22B28CF226D42EB0072E722 = {
			isa = PBXGroup;
			children = (
				B22B28DA226D42EB0072E722 /* Bitmap */,
				B22B28D9226D42EB0072E722 /* Products */,
			);
			sourceTree = "<group>";
		};
		B22B28D9226D42EB0072E722 /* Products */ = {
			isa = PBXGroup;
			children = (
				B22B28D8226D42EB0072E722 /* Bitmap */,
			);
			name = Products;
			sourceTree = "<group>";
		};
		B22B28DA226D42EB0072E722 /* Bitmap */ = {
			isa = PBXGroup;
			children = (
				B22B28DB226D42EB0072E722 /* main.cpp */,
				B22B28E2226D436A0072E722 /* BitmapHeaderFile.h */,
				B22B28E3226D47160072E722 /* BitmapInfoHeader.h */,
				B22B28E4226D4A0A0072E722 /* Bitmap.cpp */,
				B22B28E5226D4A0A0072E722 /* Bitmap.hpp */,
				B22B28EC227157050072E722 /* Mandelbrot.cpp */,
				B22B28ED227157050072E722 /* Mandelbrot.hpp */,
				B22B28F02275F26C0072E722 /* Histogram.cpp */,
				B22B28F12275F26C0072E722 /* Histogram.hpp */,
				B22B28F32276042D0072E722 /* ColorApplier.cpp */,
				B22B28F42276042D0072E722 /* ColorApplier.hpp */,
				B22B28F6227608D70072E722 /* Coordinate.cpp */,
				B22B28F7227608D70072E722 /* Coordinate.hpp */,
				B2122021227625F300462294 /* Zoom.hpp */,
			);
			path = Bitmap;
			sourceTree = "<group>";
		};
/* End PBXGroup section */

/* Begin PBXNativeTarget section */
		B22B28D7226D42EB0072E722 /* Bitmap */ = {
			isa = PBXNativeTarget;
			buildConfigurationList = B22B28DF226D42EB0072E722 /* Build configuration list for PBXNativeTarget "Bitmap" */;
			buildPhases = (
				B22B28D4226D42EB0072E722 /* Sources */,
				B22B28D5226D42EB0072E722 /* Frameworks */,
				B22B28D6226D42EB0072E722 /* CopyFiles */,
			);
			buildRules = (
			);
			dependencies = (
			);
			name = Bitmap;
			productName = Bitmap;
			productReference = B22B28D8226D42EB0072E722 /* Bitmap */;
			productType = "com.apple.product-type.tool";
		};
/* End PBXNativeTarget section */

/* Begin PBXProject section */
		B22B28D0226D42EB0072E722 /* Project object */ = {
			isa = PBXProject;
			attributes = {
				LastUpgradeCheck = 1020;
				ORGANIZATIONNAME = "Luciano Almeida";
				TargetAttributes = {
					B22B28D7226D42EB0072E722 = {
						CreatedOnToolsVersion = 10.2;
					};
				};
			};
			buildConfigurationList = B22B28D3226D42EB0072E722 /* Build configuration list for PBXProject "Bitmap" */;
			compatibilityVersion = "Xcode 9.3";
			developmentRegion = en;
			hasScannedForEncodings = 0;
			knownRegions = (
				en,
			);
			mainGroup = B22B28CF226D42EB0072E722;
			productRefGroup = B22B28D9226D42EB0072E722 /* Products */;
			projectDirPath = "";
			projectRoot = "";
			targets = (
				B22B28D7226D42EB0072E722 /* Bitmap */,
			);
		};
/* End PBXProject section */

/* Begin PBXSourcesBuildPhase section */
		B22B28D4226D42EB0072E722 /* Sources */ = {
			isa = PBXSourcesBuildPhase;
			buildActionMask = 2147483647;
			files = (
				B22B28F22275F26C0072E722 /* Histogram.cpp in Sources */,
				B22B28F8227608D70072E722 /* Coordinate.cpp in Sources */,
				B22B28F52276042D0072E722 /* ColorApplier.cpp in Sources */,
				B22B28EE227157060072E722 /* Mandelbrot.cpp in Sources */,
				B22B28E6226D4A0A0072E722 /* Bitmap.cpp in Sources */,
				B22B28DC226D42EB0072E722 /* main.cpp in Sources */,
			);
			runOnlyForDeploymentPostprocessing = 0;
		};
/* End PBXSourcesBuildPhase section */

/* Begin XCBuildConfiguration section */
		B22B28DD226D42EB0072E722 /* Debug */ = {
			isa = XCBuildConfiguration;
			buildSettings = {
				ALWAYS_SEARCH_USER_PATHS = NO;
				CLANG_ANALYZER_NONNULL = YES;
				CLANG_ANALYZER_NUMBER_OBJECT_CONVERSION = YES_AGGRESSIVE;
				CLANG_CXX_LANGUAGE_STANDARD = "gnu++14";
				CLANG_CXX_LIBRARY = "libc++";
				CLANG_ENABLE_MODULES = YES;
				CLANG_ENABLE_OBJC_ARC = YES;
				CLANG_ENABLE_OBJC_WEAK = YES;
				CLANG_WARN_BLOCK_CAPTURE_AUTORELEASING = YES;
				CLANG_WARN_BOOL_CONVERSION = YES;
				CLANG_WARN_COMMA = YES;
				CLANG_WARN_CONSTANT_CONVERSION = YES;
				CLANG_WARN_DEPRECATED_OBJC_IMPLEMENTATIONS = YES;
				CLANG_WARN_DIRECT_OBJC_ISA_USAGE = YES_ERROR;
				CLANG_WARN_DOCUMENTATION_COMMENTS = YES;
				CLANG_WARN_EMPTY_BODY = YES;
				CLANG_WARN_ENUM_CONVERSION = YES;
				CLANG_WARN_INFINITE_RECURSION = YES;
				CLANG_WARN_INT_CONVERSION = YES;
				CLANG_WARN_NON_LITERAL_NULL_CONVERSION = YES;
				CLANG_WARN_OBJC_IMPLICIT_RETAIN_SELF = YES;
				CLANG_WARN_OBJC_LITERAL_CONVERSION = YES;
				CLANG_WARN_OBJC_ROOT_CLASS = YES_ERROR;
				CLANG_WARN_RANGE_LOOP_ANALYSIS = YES;
				CLANG_WARN_STRICT_PROTOTYPES = YES;
				CLANG_WARN_SUSPICIOUS_MOVE = YES;
				CLANG_WARN_UNGUARDED_AVAILABILITY = YES_AGGRESSIVE;
				CLANG_WARN_UNREACHABLE_CODE = YES;
				CLANG_WARN__DUPLICATE_METHOD_MATCH = YES;
				CODE_SIGN_IDENTITY = "Mac Developer";
				COPY_PHASE_STRIP = NO;
				DEBUG_INFORMATION_FORMAT = dwarf;
				ENABLE_STRICT_OBJC_MSGSEND = YES;
				ENABLE_TESTABILITY = YES;
				GCC_C_LANGUAGE_STANDARD = gnu11;
				GCC_DYNAMIC_NO_PIC = NO;
				GCC_NO_COMMON_BLOCKS = YES;
				GCC_OPTIMIZATION_LEVEL = 0;
				GCC_PREPROCESSOR_DEFINITIONS = (
					"DEBUG=1",
					"$(inherited)",
				);
				GCC_WARN_64_TO_32_BIT_CONVERSION = YES;
				GCC_WARN_ABOUT_RETURN_TYPE = YES_ERROR;
				GCC_WARN_UNDECLARED_SELECTOR = YES;
				GCC_WARN_UNINITIALIZED_AUTOS = YES_AGGRESSIVE;
				GCC_WARN_UNUSED_FUNCTION = YES;
				GCC_WARN_UNUSED_VARIABLE = YES;
				MACOSX_DEPLOYMENT_TARGET = 10.14;
				MTL_ENABLE_DEBUG_INFO = INCLUDE_SOURCE;
				MTL_FAST_MATH = YES;
				ONLY_ACTIVE_ARCH = YES;
				SDKROOT = macosx;
			};
			name = Debug;
		};
		B22B28DE226D42EB0072E722 /* Release */ = {
			isa = XCBuildConfiguration;
			buildSettings = {
				ALWAYS_SEARCH_USER_PATHS = NO;
				CLANG_ANALYZER_NONNULL = YES;
				CLANG_ANALYZER_NUMBER_OBJECT_CONVERSION = YES_AGGRESSIVE;
				CLANG_CXX_LANGUAGE_STANDARD = "gnu++14";
				CLANG_CXX_LIBRARY = "libc++";
				CLANG_ENABLE_MODULES = YES;
				CLANG_ENABLE_OBJC_ARC = YES;
				CLANG_ENABLE_OBJC_WEAK = YES;
				CLANG_WARN_BLOCK_CAPTURE_AUTORELEASING = YES;
				CLANG_WARN_BOOL_CONVERSION = YES;
				CLANG_WARN_COMMA = YES;
				CLANG_WARN_CONSTANT_CONVERSION = YES;
				CLANG_WARN_DEPRECATED_OBJC_IMPLEMENTATIONS = YES;
				CLANG_WARN_DIRECT_OBJC_ISA_USAGE = YES_ERROR;
				CLANG_WARN_DOCUMENTATION_COMMENTS = YES;
				CLANG_WARN_EMPTY_BODY = YES;
				CLANG_WARN_ENUM_CONVERSION = YES;
				CLANG_WARN_INFINITE_RECURSION = YES;
				CLANG_WARN_INT_CONVERSION = YES;
				CLANG_WARN_NON_LITERAL_NULL_CONVERSION = YES;
				CLANG_WARN_OBJC_IMPLICIT_RETAIN_SELF = YES;
				CLANG_WARN_OBJC_LITERAL_CONVERSION = YES;
				CLANG_WARN_OBJC_ROOT_CLASS = YES_ERROR;
				CLANG_WARN_RANGE_LOOP_ANALYSIS = YES;
				CLANG_WARN_STRICT_PROTOTYPES = YES;
				CLANG_WARN_SUSPICIOUS_MOVE = YES;
				CLANG_WARN_UNGUARDED_AVAILABILITY = YES_AGGRESSIVE;
				CLANG_WARN_UNREACHABLE_CODE = YES;
				CLANG_WARN__DUPLICATE_METHOD_MATCH = YES;
				CODE_SIGN_IDENTITY = "Mac Developer";
				COPY_PHASE_STRIP = NO;
				DEBUG_INFORMATION_FORMAT = "dwarf-with-dsym";
				ENABLE_NS_ASSERTIONS = NO;
				ENABLE_STRICT_OBJC_MSGSEND = YES;
				GCC_C_LANGUAGE_STANDARD = gnu11;
				GCC_NO_COMMON_BLOCKS = YES;
				GCC_WARN_64_TO_32_BIT_CONVERSION = YES;
				GCC_WARN_ABOUT_RETURN_TYPE = YES_ERROR;
				GCC_WARN_UNDECLARED_SELECTOR = YES;
				GCC_WARN_UNINITIALIZED_AUTOS = YES_AGGRESSIVE;
				GCC_WARN_UNUSED_FUNCTION = YES;
				GCC_WARN_UNUSED_VARIABLE = YES;
				MACOSX_DEPLOYMENT_TARGET = 10.14;
				MTL_ENABLE_DEBUG_INFO = NO;
				MTL_FAST_MATH = YES;
				SDKROOT = macosx;
			};
			name = Release;
		};
		B22B28E0226D42EB0072E722 /* Debug */ = {
			isa = XCBuildConfiguration;
			buildSettings = {
				CODE_SIGN_STYLE = Automatic;
				DEVELOPMENT_TEAM = 43Z9WE284C;
				PRODUCT_NAME = "$(TARGET_NAME)";
			};
			name = Debug;
		};
		B22B28E1226D42EB0072E722 /* Release */ = {
			isa = XCBuildConfiguration;
			buildSettings = {
				CODE_SIGN_STYLE = Automatic;
				DEVELOPMENT_TEAM = 43Z9WE284C;
				PRODUCT_NAME = "$(TARGET_NAME)";
			};
			name = Release;
		};
/* End XCBuildConfiguration section */

/* Begin XCConfigurationList section */
		B22B28D3226D42EB0072E722 /* Build configuration list for PBXProject "Bitmap" */ = {
			isa = XCConfigurationList;
			buildConfigurations = (
				B22B28DD226D42EB0072E722 /* Debug */,
				B22B28DE226D42EB0072E722 /* Release */,
			);
			defaultConfigurationIsVisible = 0;
			defaultConfigurationName = Release;
		};
		B22B28DF226D42EB0072E722 /* Build configuration list for PBXNativeTarget "Bitmap" */ = {
			isa = XCConfigurationList;
			buildConfigurations = (
				B22B28E0226D42EB0072E722 /* Debug */,
				B22B28E1226D42EB0072E722 /* Release */,
			);
			defaultConfigurationIsVisible = 0;
			defaultConfigurationName = Release;
		};
/* End XCConfigurationList section */
	};
	rootObject = B22B28D0226D42EB0072E722 /* Project object */;
}
